
Microsoft Visual Studio Solution File, Format Version 12.00
# Visual Studio Version 16
VisualStudioVersion = 16.0.35130.168
MinimumVisualStudioVersion = 10.0.40219.1
Project("{8BC9CEB8-8B4A-11D0-8D11-00A0C91BC942}") = "WinAPI", "WinAPI\WinAPI.vcxproj", "{5EE22C53-90A8-4EA3-9693-82A079986C74}"
EndProject
Project("{8BC9CEB8-8B4A-11D0-8D11-00A0C91BC942}") = "ComboBox", "ComboBox\ComboBox.vcxproj", "{6F8505C0-EFCB-4D80-854D-2F3F2A171BFC}"
EndProject
Project("{8BC9CEB8-8B4A-11D0-8D11-00A0C91BC942}") = "ListBox", "ListBox\ListBox.vcxproj", "{F007C3DB-3E27-4E76-B13F-99CDBEDD4DAB}"
EndProject
Project("{8BC9CEB8-8B4A-11D0-8D11-00A0C91BC942}") = "MainWindow", "MainWindow\MainWindow.vcxproj", "{5D8DAD24-01C5-436A-9423-8EBD1A58CB82}"
EndProject
Global
	GlobalSection(SolutionConfigurationPlatforms) = preSolution
		Debug|x64 = Debug|x64
		Debug|x86 = Debug|x86
		Release|x64 = Release|x64
		Release|x86 = Release|x86
	EndGlobalSection
	GlobalSection(ProjectConfigurationPlatforms) = postSolution
		{5EE22C53-90A8-4EA3-9693-82A079986C74}.Debug|x64.ActiveCfg = Debug|x64
		{5EE22C53-90A8-4EA3-9693-82A079986C74}.Debug|x64.Build.0 = Debug|x64
		{5EE22C53-90A8-4EA3-9693-82A079986C74}.Debug|x86.ActiveCfg = Debug|Win32
		{5EE22C53-90A8-4EA3-9693-82A079986C74}.Debug|x86.Build.0 = Debug|Win32
		{5EE22C53-90A8-4EA3-9693-82A079986C74}.Release|x64.ActiveCfg = Release|x64
		{5EE22C53-90A8-4EA3-9693-82A079986C74}.Release|x64.Build.0 = Release|x64
		{5EE22C53-90A8-4EA3-9693-82A079986C74}.Release|x86.ActiveCfg = Release|Win32
		{5EE22C53-90A8-4EA3-9693-82A079986C74}.Release|x86.Build.0 = Release|Win32
		{6F8505C0-EFCB-4D80-854D-2F3F2A171BFC}.Debug|x64.ActiveCfg = Debug|x64
		{6F8505C0-EFCB-4D80-854D-2F3F2A171BFC}.Debug|x64.Build.0 = Debug|x64
		{6F8505C0-EFCB-4D80-854D-2F3F2A171BFC}.Debug|x86.ActiveCfg = Debug|Win32
		{6F8505C0-EFCB-4D80-854D-2F3F2A171BFC}.Debug|x86.Build.0 = Debug|Win32
		{6F8505C0-EFCB-4D80-854D-2F3F2A171BFC}.Release|x64.ActiveCfg = Release|x64
		{6F8505C0-EFCB-4D80-854D-2F3F2A171BFC}.Release|x64.Build.0 = Release|x64
		{6F8505C0-EFCB-4D80-854D-2F3F2A171BFC}.Release|x86.ActiveCfg = Release|Win32
		{6F8505C0-EFCB-4D80-854D-2F3F2A171BFC}.Release|x86.Build.0 = Release|Win32
		{F007C3DB-3E27-4E76-B13F-99CDBEDD4DAB}.Debug|x64.ActiveCfg = Debug|x64
		{F007C3DB-3E27-4E76-B13F-99CDBEDD4DAB}.Debug|x64.Build.0 = Debug|x64
		{F007C3DB-3E27-4E76-B13F-99CDBEDD4DAB}.Debug|x86.ActiveCfg = Debug|Win32
		{F007C3DB-3E27-4E76-B13F-99CDBEDD4DAB}.Debug|x86.Build.0 = Debug|Win32
		{F007C3DB-3E27-4E76-B13F-99CDBEDD4DAB}.Release|x64.ActiveCfg = Release|x64
		{F007C3DB-3E27-4E76-B13F-99CDBEDD4DAB}.Release|x64.Build.0 = Release|x64
		{F007C3DB-3E27-4E76-B13F-99CDBEDD4DAB}.Release|x86.ActiveCfg = Release|Win32
		{F007C3DB-3E27-4E76-B13F-99CDBEDD4DAB}.Release|x86.Build.0 = Release|Win32
		{5D8DAD24-01C5-436A-9423-8EBD1A58CB82}.Debug|x64.ActiveCfg = Debug|x64
		{5D8DAD24-01C5-436A-9423-8EBD1A58CB82}.Debug|x64.Build.0 = Debug|x64
		{5D8DAD24-01C5-436A-9423-8EBD1A58CB82}.Debug|x86.ActiveCfg = Debug|Win32
		{5D8DAD24-01C5-436A-9423-8EBD1A58CB82}.Debug|x86.Build.0 = Debug|Win32
		{5D8DAD24-01C5-436A-9423-8EBD1A58CB82}.Release|x64.ActiveCfg = Release|x64
		{5D8DAD24-01C5-436A-9423-8EBD1A58CB82}.Release|x64.Build.0 = Release|x64
		{5D8DAD24-01C5-436A-9423-8EBD1A58CB82}.Release|x86.ActiveCfg = Release|Win32
		{5D8DAD24-01C5-436A-9423-8EBD1A58CB82}.Release|x86.Build.0 = Release|Win32
	EndGlobalSection
	GlobalSection(SolutionProperties) = preSolution
		HideSolutionNode = FALSE
	EndGlobalSection
	GlobalSection(ExtensibilityGlobals) = postSolution
		SolutionGuid = {18D0605B-FB24-449D-AE59-ABC0C7D65F98}
	EndGlobalSection
EndGlobal
